// !$*UTF8*$!
{
	archiveVersion = 1;
	classes = {
	};
	objectVersion = 48;
	objects = {

/* Begin PBXBuildFile section */
		0B679B382056A1A400D419FA /* AppDelegate.swift in Sources */ = {isa = PBXBuildFile; fileRef = 0B679B372056A1A400D419FA /* AppDelegate.swift */; };
		0B679B3A2056A1A400D419FA /* ViewController.swift in Sources */ = {isa = PBXBuildFile; fileRef = 0B679B392056A1A400D419FA /* ViewController.swift */; };
		0B679B3D2056A1A400D419FA /* Main.storyboard in Resources */ = {isa = PBXBuildFile; fileRef = 0B679B3B2056A1A400D419FA /* Main.storyboard */; };
		0B679B3F2056A1A400D419FA /* Assets.xcassets in Resources */ = {isa = PBXBuildFile; fileRef = 0B679B3E2056A1A400D419FA /* Assets.xcassets */; };
		0B679B422056A1A400D419FA /* LaunchScreen.storyboard in Resources */ = {isa = PBXBuildFile; fileRef = 0B679B402056A1A400D419FA /* LaunchScreen.storyboard */; };
		0B679B4D2056A1A400D419FA /* testappTests.swift in Sources */ = {isa = PBXBuildFile; fileRef = 0B679B4C2056A1A400D419FA /* testappTests.swift */; };
		0B679B582056A1A400D419FA /* testappUITests.swift in Sources */ = {isa = PBXBuildFile; fileRef = 0B679B572056A1A400D419FA /* testappUITests.swift */; };
/* End PBXBuildFile section */

/* Begin PBXContainerItemProxy section */
		0B679B492056A1A400D419FA /* PBXContainerItemProxy */ = {
			isa = PBXContainerItemProxy;
			containerPortal = 0B679B2C2056A1A400D419FA /* Project object */;
			proxyType = 1;
			remoteGlobalIDString = 0B679B332056A1A400D419FA;
			remoteInfo = testapp;
		};
		0B679B542056A1A400D419FA /* PBXContainerItemProxy */ = {
			isa = PBXContainerItemProxy;
			containerPortal = 0B679B2C2056A1A400D419FA /* Project object */;
			proxyType = 1;
			remoteGlobalIDString = 0B679B332056A1A400D419FA;
			remoteInfo = testapp;
		};
/* End PBXContainerItemProxy section */

/* Begin PBXFileReference section */
		0B679B342056A1A400D419FA /* testapp.app */ = {isa = PBXFileReference; explicitFileType = wrapper.application; includeInIndex = 0; path = testapp.app; sourceTree = BUILT_PRODUCTS_DIR; };
		0B679B372056A1A400D419FA /* AppDelegate.swift */ = {isa = PBXFileReference; lastKnownFileType = sourcecode.swift; path = AppDelegate.swift; sourceTree = "<group>"; };
		0B679B392056A1A400D419FA /* ViewController.swift */ = {isa = PBXFileReference; lastKnownFileType = sourcecode.swift; path = ViewController.swift; sourceTree = "<group>"; };
		0B679B3C2056A1A400D419FA /* Base */ = {isa = PBXFileReference; lastKnownFileType = file.storyboard; name = Base; path = Base.lproj/Main.storyboard; sourceTree = "<group>"; };
		0B679B3E2056A1A400D419FA /* Assets.xcassets */ = {isa = PBXFileReference; lastKnownFileType = folder.assetcatalog; path = Assets.xcassets; sourceTree = "<group>"; };
		0B679B412056A1A400D419FA /* Base */ = {isa = PBXFileReference; lastKnownFileType = file.storyboard; name = Base; path = Base.lproj/LaunchScreen.storyboard; sourceTree = "<group>"; };
		0B679B432056A1A400D419FA /* Info.plist */ = {isa = PBXFileReference; lastKnownFileType = text.plist.xml; path = Info.plist; sourceTree = "<group>"; };
		0B679B482056A1A400D419FA /* testappTests.xctest */ = {isa = PBXFileReference; explicitFileType = wrapper.cfbundle; includeInIndex = 0; path = testappTests.xctest; sourceTree = BUILT_PRODUCTS_DIR; };
		0B679B4C2056A1A400D419FA /* testappTests.swift */ = {isa = PBXFileReference; lastKnownFileType = sourcecode.swift; path = testappTests.swift; sourceTree = "<group>"; };
		0B679B4E2056A1A400D419FA /* Info.plist */ = {isa = PBXFileReference; lastKnownFileType = text.plist.xml; path = Info.plist; sourceTree = "<group>"; };
		0B679B532056A1A400D419FA /* testappUITests.xctest */ = {isa = PBXFileReference; explicitFileType = wrapper.cfbundle; includeInIndex = 0; path = testappUITests.xctest; sourceTree = BUILT_PRODUCTS_DIR; };
		0B679B572056A1A400D419FA /* testappUITests.swift */ = {isa = PBXFileReference; lastKnownFileType = sourcecode.swift; path = testappUITests.swift; sourceTree = "<group>"; };
		0B679B592056A1A400D419FA /* Info.plist */ = {isa = PBXFileReference; lastKnownFileType = text.plist.xml; path = Info.plist; sourceTree = "<group>"; };
/* End PBXFileReference section */

/* Begin PBXFrameworksBuildPhase section */
		0B679B312056A1A400D419FA /* Frameworks */ = {
			isa = PBXFrameworksBuildPhase;
			buildActionMask = 2147483647;
			files = (
			);
			runOnlyForDeploymentPostprocessing = 0;
		};
		0B679B452056A1A400D419FA /* Frameworks */ = {
			isa = PBXFrameworksBuildPhase;
			buildActionMask = 2147483647;
			files = (
			);
			runOnlyForDeploymentPostprocessing = 0;
		};
		0B679B502056A1A400D419FA /* Frameworks */ = {
			isa = PBXFrameworksBuildPhase;
			buildActionMask = 2147483647;
			files = (
			);
			runOnlyForDeploymentPostprocessing = 0;
		};
/* End PBXFrameworksBuildPhase section */

/* Begin PBXGroup section */
		0B679B2B2056A1A400D419FA = {
			isa = PBXGroup;
			children = (
				0B679B362056A1A400D419FA /* testapp */,
				0B679B4B2056A1A400D419FA /* testappTests */,
				0B679B562056A1A400D419FA /* testappUITests */,
				0B679B352056A1A400D419FA /* Products */,
			);
			sourceTree = "<group>";
		};
		0B679B352056A1A400D419FA /* Products */ = {
			isa = PBXGroup;
			children = (
				0B679B342056A1A400D419FA /* testapp.app */,
				0B679B482056A1A400D419FA /* testappTests.xctest */,
				0B679B532056A1A400D419FA /* testappUITests.xctest */,
			);
			name = Products;
			sourceTree = "<group>";
		};
		0B679B362056A1A400D419FA /* testapp */ = {
			isa = PBXGroup;
			children = (
				0B679B372056A1A400D419FA /* AppDelegate.swift */,
				0B679B392056A1A400D419FA /* ViewController.swift */,
				0B679B3B2056A1A400D419FA /* Main.storyboard */,
				0B679B3E2056A1A400D419FA /* Assets.xcassets */,
				0B679B402056A1A400D419FA /* LaunchScreen.storyboard */,
				0B679B432056A1A400D419FA /* Info.plist */,
			);
			path = testapp;
			sourceTree = "<group>";
		};
		0B679B4B2056A1A400D419FA /* testappTests */ = {
			isa = PBXGroup;
			children = (
				0B679B4C2056A1A400D419FA /* testappTests.swift */,
				0B679B4E2056A1A400D419FA /* Info.plist */,
			);
			path = testappTests;
			sourceTree = "<group>";
		};
		0B679B562056A1A400D419FA /* testappUITests */ = {
			isa = PBXGroup;
			children = (
				0B679B572056A1A400D419FA /* testappUITests.swift */,
				0B679B592056A1A400D419FA /* Info.plist */,
			);
			path = testappUITests;
			sourceTree = "<group>";
		};
/* End PBXGroup section */

/* Begin PBXNativeTarget section */
		0B679B332056A1A400D419FA /* testapp */ = {
			isa = PBXNativeTarget;
			buildConfigurationList = 0B679B5C2056A1A400D419FA /* Build configuration list for PBXNativeTarget "testapp" */;
			buildPhases = (
				0B679B302056A1A400D419FA /* Sources */,
				0B679B312056A1A400D419FA /* Frameworks */,
				0B679B322056A1A400D419FA /* Resources */,
			);
			buildRules = (
			);
			dependencies = (
			);
			name = testapp;
			productName = testapp;
			productReference = 0B679B342056A1A400D419FA /* testapp.app */;
			productType = "com.apple.product-type.application";
		};
		0B679B472056A1A400D419FA /* testappTests */ = {
			isa = PBXNativeTarget;
			buildConfigurationList = 0B679B5F2056A1A400D419FA /* Build configuration list for PBXNativeTarget "testappTests" */;
			buildPhases = (
				0B679B442056A1A400D419FA /* Sources */,
				0B679B452056A1A400D419FA /* Frameworks */,
				0B679B462056A1A400D419FA /* Resources */,
			);
			buildRules = (
			);
			dependencies = (
				0B679B4A2056A1A400D419FA /* PBXTargetDependency */,
			);
			name = testappTests;
			productName = testappTests;
			productReference = 0B679B482056A1A400D419FA /* testappTests.xctest */;
			productType = "com.apple.product-type.bundle.unit-test";
		};
		0B679B522056A1A400D419FA /* testappUITests */ = {
			isa = PBXNativeTarget;
			buildConfigurationList = 0B679B622056A1A400D419FA /* Build configuration list for PBXNativeTarget "testappUITests" */;
			buildPhases = (
				0B679B4F2056A1A400D419FA /* Sources */,
				0B679B502056A1A400D419FA /* Frameworks */,
				0B679B512056A1A400D419FA /* Resources */,
			);
			buildRules = (
			);
			dependencies = (
				0B679B552056A1A400D419FA /* PBXTargetDependency */,
			);
			name = testappUITests;
			productName = testappUITests;
			productReference = 0B679B532056A1A400D419FA /* testappUITests.xctest */;
			productType = "com.apple.product-type.bundle.ui-testing";
		};
/* End PBXNativeTarget section */

/* Begin PBXProject section */
		0B679B2C2056A1A400D419FA /* Project object */ = {
			isa = PBXProject;
			attributes = {
				LastSwiftUpdateCheck = 0920;
				LastUpgradeCheck = 0920;
				ORGANIZATIONNAME = "Ron Rith";
				TargetAttributes = {
					0B679B332056A1A400D419FA = {
						CreatedOnToolsVersion = 9.2;
						ProvisioningStyle = Automatic;
					};
					0B679B472056A1A400D419FA = {
						CreatedOnToolsVersion = 9.2;
						ProvisioningStyle = Automatic;
						TestTargetID = 0B679B332056A1A400D419FA;
					};
					0B679B522056A1A400D419FA = {
						CreatedOnToolsVersion = 9.2;
						ProvisioningStyle = Automatic;
						TestTargetID = 0B679B332056A1A400D419FA;
					};
				};
			};
			buildConfigurationList = 0B679B2F2056A1A400D419FA /* Build configuration list for PBXProject "testapp" */;
			compatibilityVersion = "Xcode 8.0";
			developmentRegion = en;
			hasScannedForEncodings = 0;
			knownRegions = (
				en,
				Base,
			);
			mainGroup = 0B679B2B2056A1A400D419FA;
			productRefGroup = 0B679B352056A1A400D419FA /* Products */;
			projectDirPath = "";
			projectRoot = "";
			targets = (
				0B679B332056A1A400D419FA /* testapp */,
				0B679B472056A1A400D419FA /* testappTests */,
				0B679B522056A1A400D419FA /* testappUITests */,
			);
		};
/* End PBXProject section */

/* Begin PBXResourcesBuildPhase section */
		0B679B322056A1A400D419FA /* Resources */ = {
			isa = PBXResourcesBuildPhase;
			buildActionMask = 2147483647;
			files = (
				0B679B422056A1A400D419FA /* LaunchScreen.storyboard in Resources */,
				0B679B3F2056A1A400D419FA /* Assets.xcassets in Resources */,
				0B679B3D2056A1A400D419FA /* Main.storyboard in Resources */,
			);
			runOnlyForDeploymentPostprocessing = 0;
		};
		0B679B462056A1A400D419FA /* Resources */ = {
			isa = PBXResourcesBuildPhase;
			buildActionMask = 2147483647;
			files = (
			);
			runOnlyForDeploymentPostprocessing = 0;
		};
		0B679B512056A1A400D419FA /* Resources */ = {
			isa = PBXResourcesBuildPhase;
			buildActionMask = 2147483647;
			files = (
			);
			runOnlyForDeploymentPostprocessing = 0;
		};
/* End PBXResourcesBuildPhase section */

/* Begin PBXSourcesBuildPhase section */
		0B679B302056A1A400D419FA /* Sources */ = {
			isa = PBXSourcesBuildPhase;
			buildActionMask = 2147483647;
			files = (
				0B679B3A2056A1A400D419FA /* ViewController.swift in Sources */,
				0B679B382056A1A400D419FA /* AppDelegate.swift in Sources */,
			);
			runOnlyForDeploymentPostprocessing = 0;
		};
		0B679B442056A1A400D419FA /* Sources */ = {
			isa = PBXSourcesBuildPhase;
			buildActionMask = 2147483647;
			files = (
				0B679B4D2056A1A400D419FA /* testappTests.swift in Sources */,
			);
			runOnlyForDeploymentPostprocessing = 0;
		};
		0B679B4F2056A1A400D419FA /* Sources */ = {
			isa = PBXSourcesBuildPhase;
			buildActionMask = 2147483647;
			files = (
				0B679B582056A1A400D419FA /* testappUITests.swift in Sources */,
			);
			runOnlyForDeploymentPostprocessing = 0;
		};
/* End PBXSourcesBuildPhase section */

/* Begin PBXTargetDependency section */
		0B679B4A2056A1A400D419FA /* PBXTargetDependency */ = {
			isa = PBXTargetDependency;
			target = 0B679B332056A1A400D419FA /* testapp */;
			targetProxy = 0B679B492056A1A400D419FA /* PBXContainerItemProxy */;
		};
		0B679B552056A1A400D419FA /* PBXTargetDependency */ = {
			isa = PBXTargetDependency;
			target = 0B679B332056A1A400D419FA /* testapp */;
			targetProxy = 0B679B542056A1A400D419FA /* PBXContainerItemProxy */;
		};
/* End PBXTargetDependency section */

/* Begin PBXVariantGroup section */
		0B679B3B2056A1A400D419FA /* Main.storyboard */ = {
			isa = PBXVariantGroup;
			children = (
				0B679B3C2056A1A400D419FA /* Base */,
			);
			name = Main.storyboard;
			sourceTree = "<group>";
		};
		0B679B402056A1A400D419FA /* LaunchScreen.storyboard */ = {
			isa = PBXVariantGroup;
			children = (
				0B679B412056A1A400D419FA /* Base */,
			);
			name = LaunchScreen.storyboard;
			sourceTree = "<group>";
		};
/* End PBXVariantGroup section */

/* Begin XCBuildConfiguration section */
		0B679B5A2056A1A400D419FA /* Debug */ = {
			isa = XCBuildConfiguration;
			buildSettings = {
				ALWAYS_SEARCH_USER_PATHS = NO;
				CLANG_ANALYZER_NONNULL = YES;
				CLANG_ANALYZER_NUMBER_OBJECT_CONVERSION = YES_AGGRESSIVE;
				CLANG_CXX_LANGUAGE_STANDARD = "gnu++14";
				CLANG_CXX_LIBRARY = "libc++";
				CLANG_ENABLE_MODULES = YES;
				CLANG_ENABLE_OBJC_ARC = YES;
				CLANG_WARN_BLOCK_CAPTURE_AUTORELEASING = YES;
				CLANG_WARN_BOOL_CONVERSION = YES;
				CLANG_WARN_COMMA = YES;
				CLANG_WARN_CONSTANT_CONVERSION = YES;
				CLANG_WARN_DIRECT_OBJC_ISA_USAGE = YES_ERROR;
				CLANG_WARN_DOCUMENTATION_COMMENTS = YES;
				CLANG_WARN_EMPTY_BODY = YES;
				CLANG_WARN_ENUM_CONVERSION = YES;
				CLANG_WARN_INFINITE_RECURSION = YES;
				CLANG_WARN_INT_CONVERSION = YES;
				CLANG_WARN_NON_LITERAL_NULL_CONVERSION = YES;
				CLANG_WARN_OBJC_LITERAL_CONVERSION = YES;
				CLANG_WARN_OBJC_ROOT_CLASS = YES_ERROR;
				CLANG_WARN_RANGE_LOOP_ANALYSIS = YES;
				CLANG_WARN_STRICT_PROTOTYPES = YES;
				CLANG_WARN_SUSPICIOUS_MOVE = YES;
				CLANG_WARN_UNGUARDED_AVAILABILITY = YES_AGGRESSIVE;
				CLANG_WARN_UNREACHABLE_CODE = YES;
				CLANG_WARN__DUPLICATE_METHOD_MATCH = YES;
				CODE_SIGN_IDENTITY = "iPhone Developer";
				COPY_PHASE_STRIP = NO;
				DEBUG_INFORMATION_FORMAT = dwarf;
				ENABLE_STRICT_OBJC_MSGSEND = YES;
				ENABLE_TESTABILITY = YES;
				GCC_C_LANGUAGE_STANDARD = gnu11;
				GCC_DYNAMIC_NO_PIC = NO;
				GCC_NO_COMMON_BLOCKS = YES;
				GCC_OPTIMIZATION_LEVEL = 0;
				GCC_PREPROCESSOR_DEFINITIONS = (
					"DEBUG=1",
					"$(inherited)",
				);
				GCC_WARN_64_TO_32_BIT_CONVERSION = YES;
				GCC_WARN_ABOUT_RETURN_TYPE = YES_ERROR;
				GCC_WARN_UNDECLARED_SELECTOR = YES;
				GCC_WARN_UNINITIALIZED_AUTOS = YES_AGGRESSIVE;
				GCC_WARN_UNUSED_FUNCTION = YES;
				GCC_WARN_UNUSED_VARIABLE = YES;
				IPHONEOS_DEPLOYMENT_TARGET = 11.2;
				MTL_ENABLE_DEBUG_INFO = YES;
				ONLY_ACTIVE_ARCH = YES;
				SDKROOT = iphoneos;
				SWIFT_ACTIVE_COMPILATION_CONDITIONS = DEBUG;
				SWIFT_OPTIMIZATION_LEVEL = "-Onone";
			};
			name = Debug;
		};
		0B679B5B2056A1A400D419FA /* Release */ = {
			isa = XCBuildConfiguration;
			buildSettings = {
				ALWAYS_SEARCH_USER_PATHS = NO;
				CLANG_ANALYZER_NONNULL = YES;
				CLANG_ANALYZER_NUMBER_OBJECT_CONVERSION = YES_AGGRESSIVE;
				CLANG_CXX_LANGUAGE_STANDARD = "gnu++14";
				CLANG_CXX_LIBRARY = "libc++";
				CLANG_ENABLE_MODULES = YES;
				CLANG_ENABLE_OBJC_ARC = YES;
				CLANG_WARN_BLOCK_CAPTURE_AUTORELEASING = YES;
				CLANG_WARN_BOOL_CONVERSION = YES;
				CLANG_WARN_COMMA = YES;
				CLANG_WARN_CONSTANT_CONVERSION = YES;
				CLANG_WARN_DIRECT_OBJC_ISA_USAGE = YES_ERROR;
				CLANG_WARN_DOCUMENTATION_COMMENTS = YES;
				CLANG_WARN_EMPTY_BODY = YES;
				CLANG_WARN_ENUM_CONVERSION = YES;
				CLANG_WARN_INFINITE_RECURSION = YES;
				CLANG_WARN_INT_CONVERSION = YES;
				CLANG_WARN_NON_LITERAL_NULL_CONVERSION = YES;
				CLANG_WARN_OBJC_LITERAL_CONVERSION = YES;
				CLANG_WARN_OBJC_ROOT_CLASS = YES_ERROR;
				CLANG_WARN_RANGE_LOOP_ANALYSIS = YES;
				CLANG_WARN_STRICT_PROTOTYPES = YES;
				CLANG_WARN_SUSPICIOUS_MOVE = YES;
				CLANG_WARN_UNGUARDED_AVAILABILITY = YES_AGGRESSIVE;
				CLANG_WARN_UNREACHABLE_CODE = YES;
				CLANG_WARN__DUPLICATE_METHOD_MATCH = YES;
				CODE_SIGN_IDENTITY = "iPhone Developer";
				COPY_PHASE_STRIP = NO;
				DEBUG_INFORMATION_FORMAT = "dwarf-with-dsym";
				ENABLE_NS_ASSERTIONS = NO;
				ENABLE_STRICT_OBJC_MSGSEND = YES;
				GCC_C_LANGUAGE_STANDARD = gnu11;
				GCC_NO_COMMON_BLOCKS = YES;
				GCC_WARN_64_TO_32_BIT_CONVERSION = YES;
				GCC_WARN_ABOUT_RETURN_TYPE = YES_ERROR;
				GCC_WARN_UNDECLARED_SELECTOR = YES;
				GCC_WARN_UNINITIALIZED_AUTOS = YES_AGGRESSIVE;
				GCC_WARN_UNUSED_FUNCTION = YES;
				GCC_WARN_UNUSED_VARIABLE = YES;
				IPHONEOS_DEPLOYMENT_TARGET = 11.2;
				MTL_ENABLE_DEBUG_INFO = NO;
				SDKROOT = iphoneos;
				SWIFT_OPTIMIZATION_LEVEL = "-Owholemodule";
				VALIDATE_PRODUCT = YES;
			};
			name = Release;
		};
		0B679B5D2056A1A400D419FA /* Debug */ = {
			isa = XCBuildConfiguration;
			buildSettings = {
				ASSETCATALOG_COMPILER_APPICON_NAME = AppIcon;
				CODE_SIGN_STYLE = Automatic;
				INFOPLIST_FILE = testapp/Info.plist;
				LD_RUNPATH_SEARCH_PATHS = "$(inherited) @executable_path/Frameworks";
				PRODUCT_BUNDLE_IDENTIFIER = sampe.testapp;
				PRODUCT_NAME = "$(TARGET_NAME)";
				SWIFT_VERSION = 4.0;
				TARGETED_DEVICE_FAMILY = "1,2";
			};
			name = Debug;
		};
		0B679B5E2056A1A400D419FA /* Release */ = {
			isa = XCBuildConfiguration;
			buildSettings = {
				ASSETCATALOG_COMPILER_APPICON_NAME = AppIcon;
				CODE_SIGN_STYLE = Automatic;
				INFOPLIST_FILE = testapp/Info.plist;
				LD_RUNPATH_SEARCH_PATHS = "$(inherited) @executable_path/Frameworks";
				PRODUCT_BUNDLE_IDENTIFIER = sampe.testapp;
				PRODUCT_NAME = "$(TARGET_NAME)";
				SWIFT_VERSION = 4.0;
				TARGETED_DEVICE_FAMILY = "1,2";
			};
			name = Release;
		};
		0B679B602056A1A400D419FA /* Debug */ = {
			isa = XCBuildConfiguration;
			buildSettings = {
				ALWAYS_EMBED_SWIFT_STANDARD_LIBRARIES = YES;
				BUNDLE_LOADER = "$(TEST_HOST)";
				CODE_SIGN_STYLE = Automatic;
				INFOPLIST_FILE = testappTests/Info.plist;
				LD_RUNPATH_SEARCH_PATHS = "$(inherited) @executable_path/Frameworks @loader_path/Frameworks";
				PRODUCT_BUNDLE_IDENTIFIER = sampe.testappTests;
				PRODUCT_NAME = "$(TARGET_NAME)";
				SWIFT_VERSION = 4.0;
				TARGETED_DEVICE_FAMILY = "1,2";
				TEST_HOST = "$(BUILT_PRODUCTS_DIR)/testapp.app/testapp";
			};
			name = Debug;
		};
		0B679B612056A1A400D419FA /* Release */ = {
			isa = XCBuildConfiguration;
			buildSettings = {
				ALWAYS_EMBED_SWIFT_STANDARD_LIBRARIES = YES;
				BUNDLE_LOADER = "$(TEST_HOST)";
				CODE_SIGN_STYLE = Automatic;
				INFOPLIST_FILE = testappTests/Info.plist;
				LD_RUNPATH_SEARCH_PATHS = "$(inherited) @executable_path/Frameworks @loader_path/Frameworks";
				PRODUCT_BUNDLE_IDENTIFIER = sampe.testappTests;
				PRODUCT_NAME = "$(TARGET_NAME)";
				SWIFT_VERSION = 4.0;
				TARGETED_DEVICE_FAMILY = "1,2";
				TEST_HOST = "$(BUILT_PRODUCTS_DIR)/testapp.app/testapp";
			};
			name = Release;
		};
		0B679B632056A1A400D419FA /* Debug */ = {
			isa = XCBuildConfiguration;
			buildSettings = {
				ALWAYS_EMBED_SWIFT_STANDARD_LIBRARIES = YES;
				CODE_SIGN_STYLE = Automatic;
				INFOPLIST_FILE = testappUITests/Info.plist;
				LD_RUNPATH_SEARCH_PATHS = "$(inherited) @executable_path/Frameworks @loader_path/Frameworks";
				PRODUCT_BUNDLE_IDENTIFIER = sampe.testappUITests;
				PRODUCT_NAME = "$(TARGET_NAME)";
				SWIFT_VERSION = 4.0;
				TARGETED_DEVICE_FAMILY = "1,2";
				TEST_TARGET_NAME = testapp;
			};
			name = Debug;
		};
		0B679B642056A1A400D419FA /* Release */ = {
			isa = XCBuildConfiguration;
			buildSettings = {
				ALWAYS_EMBED_SWIFT_STANDARD_LIBRARIES = YES;
				CODE_SIGN_STYLE = Automatic;
				INFOPLIST_FILE = testappUITests/Info.plist;
				LD_RUNPATH_SEARCH_PATHS = "$(inherited) @executable_path/Frameworks @loader_path/Frameworks";
				PRODUCT_BUNDLE_IDENTIFIER = sampe.testappUITests;
				PRODUCT_NAME = "$(TARGET_NAME)";
				SWIFT_VERSION = 4.0;
				TARGETED_DEVICE_FAMILY = "1,2";
				TEST_TARGET_NAME = testapp;
			};
			name = Release;
		};
/* End XCBuildConfiguration section */

/* Begin XCConfigurationList section */
		0B679B2F2056A1A400D419FA /* Build configuration list for PBXProject "testapp" */ = {
			isa = XCConfigurationList;
			buildConfigurations = (
				0B679B5A2056A1A400D419FA /* Debug */,
				0B679B5B2056A1A400D419FA /* Release */,
			);
			defaultConfigurationIsVisible = 0;
			defaultConfigurationName = Release;
		};
		0B679B5C2056A1A400D419FA /* Build configuration list for PBXNativeTarget "testapp" */ = {
			isa = XCConfigurationList;
			buildConfigurations = (
				0B679B5D2056A1A400D419FA /* Debug */,
				0B679B5E2056A1A400D419FA /* Release */,
			);
			defaultConfigurationIsVisible = 0;
			defaultConfigurationName = Release;
		};
		0B679B5F2056A1A400D419FA /* Build configuration list for PBXNativeTarget "testappTests" */ = {
			isa = XCConfigurationList;
			buildConfigurations = (
				0B679B602056A1A400D419FA /* Debug */,
				0B679B612056A1A400D419FA /* Release */,
			);
			defaultConfigurationIsVisible = 0;
			defaultConfigurationName = Release;
		};
		0B679B622056A1A400D419FA /* Build configuration list for PBXNativeTarget "testappUITests" */ = {
			isa = XCConfigurationList;
			buildConfigurations = (
				0B679B632056A1A400D419FA /* Debug */,
				0B679B642056A1A400D419FA /* Release */,
			);
			defaultConfigurationIsVisible = 0;
			defaultConfigurationName = Release;
		};
/* End XCConfigurationList section */
	};
	rootObject = 0B679B2C2056A1A400D419FA /* Project object */;
}
